
Microsoft Visual Studio Solution File, Format Version 12.00
# Visual Studio Version 17
VisualStudioVersion = 17.10.35122.118
MinimumVisualStudioVersion = 10.0.40219.1
Project("{FAE04EC0-301F-11D3-BF4B-00C04F79EFBC}") = "JSopX.SharedResources", "JSopX.SharedResources\JSopX.SharedResources.csproj", "{70B580BB-BDE4-4C54-BA22-0C5EF45D34AF}"
EndProject
Global
	GlobalSection(SolutionConfigurationPlatforms) = preSolution
		Debug|Any CPU = Debug|Any CPU
		Release|Any CPU = Release|Any CPU
	EndGlobalSection
	GlobalSection(ProjectConfigurationPlatforms) = postSolution
		{70B580BB-BDE4-4C54-BA22-0C5EF45D34AF}.Debug|Any CPU.ActiveCfg = Debug|Any CPU
		{70B580BB-BDE4-4C54-BA22-0C5EF45D34AF}.Debug|Any CPU.Build.0 = Debug|Any CPU
		{70B580BB-BDE4-4C54-BA22-0C5EF45D34AF}.Release|Any CPU.ActiveCfg = Release|Any CPU
		{70B580BB-BDE4-4C54-BA22-0C5EF45D34AF}.Release|Any CPU.Build.0 = Release|Any CPU
	EndGlobalSection
	GlobalSection(SolutionProperties) = preSolution
		HideSolutionNode = FALSE
	EndGlobalSection
	GlobalSection(ExtensibilityGlobals) = postSolution
		SolutionGuid = {4C73F33D-B045-41A8-A943-D4E0766B1E42}
	EndGlobalSection
EndGlobal
